
Microsoft Visual Studio Solution File, Format Version 12.00
# Visual Studio 15
VisualStudioVersion = 15.0.28307.572
MinimumVisualStudioVersion = 10.0.40219.1
Project("{FAE04EC0-301F-11D3-BF4B-00C04F79EFBC}") = "MyFinance", "MyFinance\MyFinance.csproj", "{52ABFA7B-9E3C-4E4C-843E-F6F4025EDF2C}"
EndProject
Global
	GlobalSection(SolutionConfigurationPlatforms) = preSolution
		Debug|Any CPU = Debug|Any CPU
		Release|Any CPU = Release|Any CPU
	EndGlobalSection
	GlobalSection(ProjectConfigurationPlatforms) = postSolution
		{52ABFA7B-9E3C-4E4C-843E-F6F4025EDF2C}.Debug|Any CPU.ActiveCfg = Debug|Any CPU
		{52ABFA7B-9E3C-4E4C-843E-F6F4025EDF2C}.Debug|Any CPU.Build.0 = Debug|Any CPU
		{52ABFA7B-9E3C-4E4C-843E-F6F4025EDF2C}.Release|Any CPU.ActiveCfg = Release|Any CPU
		{52ABFA7B-9E3C-4E4C-843E-F6F4025EDF2C}.Release|Any CPU.Build.0 = Release|Any CPU
	EndGlobalSection
	GlobalSection(SolutionProperties) = preSolution
		HideSolutionNode = FALSE
	EndGlobalSection
	GlobalSection(ExtensibilityGlobals) = postSolution
		SolutionGuid = {A3159B26-00AB-44E9-8776-9E824C0B0027}
	EndGlobalSection
EndGlobal
